// !$*UTF8*$!
{
	archiveVersion = 1;
	classes = {
	};
	objectVersion = 56;
	objects = {

/* Begin PBXBuildFile section */
		3EC5E9AA29A86FB1008A6095 /* AnagramAppV4App.swift in Sources */ = {isa = PBXBuildFile; fileRef = 3EC5E9A929A86FB1008A6095 /* AnagramAppV4App.swift */; };
		3EC5E9AC29A86FB1008A6095 /* ContentView.swift in Sources */ = {isa = PBXBuildFile; fileRef = 3EC5E9AB29A86FB1008A6095 /* ContentView.swift */; };
		3EC5E9AE29A86FB2008A6095 /* Assets.xcassets in Resources */ = {isa = PBXBuildFile; fileRef = 3EC5E9AD29A86FB2008A6095 /* Assets.xcassets */; };
		3EC5E9B129A86FB2008A6095 /* Preview Assets.xcassets in Resources */ = {isa = PBXBuildFile; fileRef = 3EC5E9B029A86FB2008A6095 /* Preview Assets.xcassets */; };
		3EC5E9B829A86FC6008A6095 /* WordObject.swift in Sources */ = {isa = PBXBuildFile; fileRef = 3EC5E9B729A86FC6008A6095 /* WordObject.swift */; };
		3EC5E9BC29A9773E008A6095 /* WordController.swift in Sources */ = {isa = PBXBuildFile; fileRef = 3EC5E9BB29A9773E008A6095 /* WordController.swift */; };
		3EC5E9BE29A97C61008A6095 /* LetterObject.swift in Sources */ = {isa = PBXBuildFile; fileRef = 3EC5E9BD29A97C61008A6095 /* LetterObject.swift */; };
		3EC5E9C029A9D1AE008A6095 /* engmix.txt in Resources */ = {isa = PBXBuildFile; fileRef = 3EC5E9BF29A9D1AE008A6095 /* engmix.txt */; };
		3EC5E9C229A9D200008A6095 /* Words.txt in Resources */ = {isa = PBXBuildFile; fileRef = 3EC5E9C129A9D200008A6095 /* Words.txt */; };
/* End PBXBuildFile section */

/* Begin PBXFileReference section */
		3EC5E9A629A86FB1008A6095 /* AnagramAppV4.app */ = {isa = PBXFileReference; explicitFileType = wrapper.application; includeInIndex = 0; path = AnagramAppV4.app; sourceTree = BUILT_PRODUCTS_DIR; };
		3EC5E9A929A86FB1008A6095 /* AnagramAppV4App.swift */ = {isa = PBXFileReference; lastKnownFileType = sourcecode.swift; path = AnagramAppV4App.swift; sourceTree = "<group>"; };
		3EC5E9AB29A86FB1008A6095 /* ContentView.swift */ = {isa = PBXFileReference; lastKnownFileType = sourcecode.swift; path = ContentView.swift; sourceTree = "<group>"; };
		3EC5E9AD29A86FB2008A6095 /* Assets.xcassets */ = {isa = PBXFileReference; lastKnownFileType = folder.assetcatalog; path = Assets.xcassets; sourceTree = "<group>"; };
		3EC5E9B029A86FB2008A6095 /* Preview Assets.xcassets */ = {isa = PBXFileReference; lastKnownFileType = folder.assetcatalog; path = "Preview Assets.xcassets"; sourceTree = "<group>"; };
		3EC5E9B729A86FC6008A6095 /* WordObject.swift */ = {isa = PBXFileReference; lastKnownFileType = sourcecode.swift; path = WordObject.swift; sourceTree = "<group>"; };
		3EC5E9BB29A9773E008A6095 /* WordController.swift */ = {isa = PBXFileReference; lastKnownFileType = sourcecode.swift; path = WordController.swift; sourceTree = "<group>"; };
		3EC5E9BD29A97C61008A6095 /* LetterObject.swift */ = {isa = PBXFileReference; lastKnownFileType = sourcecode.swift; path = LetterObject.swift; sourceTree = "<group>"; };
		3EC5E9BF29A9D1AE008A6095 /* engmix.txt */ = {isa = PBXFileReference; fileEncoding = 4; lastKnownFileType = text; path = engmix.txt; sourceTree = "<group>"; };
		3EC5E9C129A9D200008A6095 /* Words.txt */ = {isa = PBXFileReference; lastKnownFileType = text; path = Words.txt; sourceTree = "<group>"; };
/* End PBXFileReference section */

/* Begin PBXFrameworksBuildPhase section */
		3EC5E9A329A86FB1008A6095 /* Frameworks */ = {
			isa = PBXFrameworksBuildPhase;
			buildActionMask = 2147483647;
			files = (
			);
			runOnlyForDeploymentPostprocessing = 0;
		};
/* End PBXFrameworksBuildPhase section */

/* Begin PBXGroup section */
		3EC5E99D29A86FB1008A6095 = {
			isa = PBXGroup;
			children = (
				3EC5E9A829A86FB1008A6095 /* AnagramAppV4 */,
				3EC5E9A729A86FB1008A6095 /* Products */,
			);
			sourceTree = "<group>";
		};
		3EC5E9A729A86FB1008A6095 /* Products */ = {
			isa = PBXGroup;
			children = (
				3EC5E9A629A86FB1008A6095 /* AnagramAppV4.app */,
			);
			name = Products;
			sourceTree = "<group>";
		};
		3EC5E9A829A86FB1008A6095 /* AnagramAppV4 */ = {
			isa = PBXGroup;
			children = (
				3EC5E9A929A86FB1008A6095 /* AnagramAppV4App.swift */,
				3EC5E9AB29A86FB1008A6095 /* ContentView.swift */,
				3EC5E9B729A86FC6008A6095 /* WordObject.swift */,
				3EC5E9BD29A97C61008A6095 /* LetterObject.swift */,
				3EC5E9BB29A9773E008A6095 /* WordController.swift */,
				3EC5E9C129A9D200008A6095 /* Words.txt */,
				3EC5E9BF29A9D1AE008A6095 /* engmix.txt */,
				3EC5E9AD29A86FB2008A6095 /* Assets.xcassets */,
				3EC5E9AF29A86FB2008A6095 /* Preview Content */,
			);
			path = AnagramAppV4;
			sourceTree = "<group>";
		};
		3EC5E9AF29A86FB2008A6095 /* Preview Content */ = {
			isa = PBXGroup;
			children = (
				3EC5E9B029A86FB2008A6095 /* Preview Assets.xcassets */,
			);
			path = "Preview Content";
			sourceTree = "<group>";
		};
/* End PBXGroup section */

/* Begin PBXNativeTarget section */
		3EC5E9A529A86FB1008A6095 /* AnagramAppV4 */ = {
			isa = PBXNativeTarget;
			buildConfigurationList = 3EC5E9B429A86FB2008A6095 /* Build configuration list for PBXNativeTarget "AnagramAppV4" */;
			buildPhases = (
				3EC5E9A229A86FB1008A6095 /* Sources */,
				3EC5E9A329A86FB1008A6095 /* Frameworks */,
				3EC5E9A429A86FB1008A6095 /* Resources */,
			);
			buildRules = (
			);
			dependencies = (
			);
			name = AnagramAppV4;
			productName = AnagramAppV2;
			productReference = 3EC5E9A629A86FB1008A6095 /* AnagramAppV4.app */;
			productType = "com.apple.product-type.application";
		};
/* End PBXNativeTarget section */

/* Begin PBXProject section */
		3EC5E99E29A86FB1008A6095 /* Project object */ = {
			isa = PBXProject;
			attributes = {
				BuildIndependentTargetsInParallel = 1;
				LastSwiftUpdateCheck = 1420;
				LastUpgradeCheck = 1420;
				TargetAttributes = {
					3EC5E9A529A86FB1008A6095 = {
						CreatedOnToolsVersion = 14.2;
					};
				};
			};
			buildConfigurationList = 3EC5E9A129A86FB1008A6095 /* Build configuration list for PBXProject "AnagramAppV4" */;
			compatibilityVersion = "Xcode 14.0";
			developmentRegion = en;
			hasScannedForEncodings = 0;
			knownRegions = (
				en,
				Base,
			);
			mainGroup = 3EC5E99D29A86FB1008A6095;
			productRefGroup = 3EC5E9A729A86FB1008A6095 /* Products */;
			projectDirPath = "";
			projectRoot = "";
			targets = (
				3EC5E9A529A86FB1008A6095 /* AnagramAppV4 */,
			);
		};
/* End PBXProject section */

/* Begin PBXResourcesBuildPhase section */
		3EC5E9A429A86FB1008A6095 /* Resources */ = {
			isa = PBXResourcesBuildPhase;
			buildActionMask = 2147483647;
			files = (
				3EC5E9C029A9D1AE008A6095 /* engmix.txt in Resources */,
				3EC5E9B129A86FB2008A6095 /* Preview Assets.xcassets in Resources */,
				3EC5E9C229A9D200008A6095 /* Words.txt in Resources */,
				3EC5E9AE29A86FB2008A6095 /* Assets.xcassets in Resources */,
			);
			runOnlyForDeploymentPostprocessing = 0;
		};
/* End PBXResourcesBuildPhase section */

/* Begin PBXSourcesBuildPhase section */
		3EC5E9A229A86FB1008A6095 /* Sources */ = {
			isa = PBXSourcesBuildPhase;
			buildActionMask = 2147483647;
			files = (
				3EC5E9AC29A86FB1008A6095 /* ContentView.swift in Sources */,
				3EC5E9B829A86FC6008A6095 /* WordObject.swift in Sources */,
				3EC5E9BE29A97C61008A6095 /* LetterObject.swift in Sources */,
				3EC5E9AA29A86FB1008A6095 /* AnagramAppV4App.swift in Sources */,
				3EC5E9BC29A9773E008A6095 /* WordController.swift in Sources */,
			);
			runOnlyForDeploymentPostprocessing = 0;
		};
/* End PBXSourcesBuildPhase section */

/* Begin XCBuildConfiguration section */
		3EC5E9B229A86FB2008A6095 /* Debug */ = {
			isa = XCBuildConfiguration;
			buildSettings = {
				ALWAYS_SEARCH_USER_PATHS = NO;
				CLANG_ANALYZER_NONNULL = YES;
				CLANG_ANALYZER_NUMBER_OBJECT_CONVERSION = YES_AGGRESSIVE;
				CLANG_CXX_LANGUAGE_STANDARD = "gnu++20";
				CLANG_ENABLE_MODULES = YES;
				CLANG_ENABLE_OBJC_ARC = YES;
				CLANG_ENABLE_OBJC_WEAK = YES;
				CLANG_WARN_BLOCK_CAPTURE_AUTORELEASING = YES;
				CLANG_WARN_BOOL_CONVERSION = YES;
				CLANG_WARN_COMMA = YES;
				CLANG_WARN_CONSTANT_CONVERSION = YES;
				CLANG_WARN_DEPRECATED_OBJC_IMPLEMENTATIONS = YES;
				CLANG_WARN_DIRECT_OBJC_ISA_USAGE = YES_ERROR;
				CLANG_WARN_DOCUMENTATION_COMMENTS = YES;
				CLANG_WARN_EMPTY_BODY = YES;
				CLANG_WARN_ENUM_CONVERSION = YES;
				CLANG_WARN_INFINITE_RECURSION = YES;
				CLANG_WARN_INT_CONVERSION = YES;
				CLANG_WARN_NON_LITERAL_NULL_CONVERSION = YES;
				CLANG_WARN_OBJC_IMPLICIT_RETAIN_SELF = YES;
				CLANG_WARN_OBJC_LITERAL_CONVERSION = YES;
				CLANG_WARN_OBJC_ROOT_CLASS = YES_ERROR;
				CLANG_WARN_QUOTED_INCLUDE_IN_FRAMEWORK_HEADER = YES;
				CLANG_WARN_RANGE_LOOP_ANALYSIS = YES;
				CLANG_WARN_STRICT_PROTOTYPES = YES;
				CLANG_WARN_SUSPICIOUS_MOVE = YES;
				CLANG_WARN_UNGUARDED_AVAILABILITY = YES_AGGRESSIVE;
				CLANG_WARN_UNREACHABLE_CODE = YES;
				CLANG_WARN__DUPLICATE_METHOD_MATCH = YES;
				COPY_PHASE_STRIP = NO;
				DEBUG_INFORMATION_FORMAT = dwarf;
				ENABLE_STRICT_OBJC_MSGSEND = YES;
				ENABLE_TESTABILITY = YES;
				GCC_C_LANGUAGE_STANDARD = gnu11;
				GCC_DYNAMIC_NO_PIC = NO;
				GCC_NO_COMMON_BLOCKS = YES;
				GCC_OPTIMIZATION_LEVEL = 0;
				GCC_PREPROCESSOR_DEFINITIONS = (
					"DEBUG=1",
					"$(inherited)",
				);
				GCC_WARN_64_TO_32_BIT_CONVERSION = YES;
				GCC_WARN_ABOUT_RETURN_TYPE = YES_ERROR;
				GCC_WARN_UNDECLARED_SELECTOR = YES;
				GCC_WARN_UNINITIALIZED_AUTOS = YES_AGGRESSIVE;
				GCC_WARN_UNUSED_FUNCTION = YES;
				GCC_WARN_UNUSED_VARIABLE = YES;
				IPHONEOS_DEPLOYMENT_TARGET = 16.2;
				MTL_ENABLE_DEBUG_INFO = INCLUDE_SOURCE;
				MTL_FAST_MATH = YES;
				ONLY_ACTIVE_ARCH = YES;
				SDKROOT = iphoneos;
				SWIFT_ACTIVE_COMPILATION_CONDITIONS = DEBUG;
				SWIFT_OPTIMIZATION_LEVEL = "-Onone";
			};
			name = Debug;
		};
		3EC5E9B329A86FB2008A6095 /* Release */ = {
			isa = XCBuildConfiguration;
			buildSettings = {
				ALWAYS_SEARCH_USER_PATHS = NO;
				CLANG_ANALYZER_NONNULL = YES;
				CLANG_ANALYZER_NUMBER_OBJECT_CONVERSION = YES_AGGRESSIVE;
				CLANG_CXX_LANGUAGE_STANDARD = "gnu++20";
				CLANG_ENABLE_MODULES = YES;
				CLANG_ENABLE_OBJC_ARC = YES;
				CLANG_ENABLE_OBJC_WEAK = YES;
				CLANG_WARN_BLOCK_CAPTURE_AUTORELEASING = YES;
				CLANG_WARN_BOOL_CONVERSION = YES;
				CLANG_WARN_COMMA = YES;
				CLANG_WARN_CONSTANT_CONVERSION = YES;
				CLANG_WARN_DEPRECATED_OBJC_IMPLEMENTATIONS = YES;
				CLANG_WARN_DIRECT_OBJC_ISA_USAGE = YES_ERROR;
				CLANG_WARN_DOCUMENTATION_COMMENTS = YES;
				CLANG_WARN_EMPTY_BODY = YES;
				CLANG_WARN_ENUM_CONVERSION = YES;
				CLANG_WARN_INFINITE_RECURSION = YES;
				CLANG_WARN_INT_CONVERSION = YES;
				CLANG_WARN_NON_LITERAL_NULL_CONVERSION = YES;
				CLANG_WARN_OBJC_IMPLICIT_RETAIN_SELF = YES;
				CLANG_WARN_OBJC_LITERAL_CONVERSION = YES;
				CLANG_WARN_OBJC_ROOT_CLASS = YES_ERROR;
				CLANG_WARN_QUOTED_INCLUDE_IN_FRAMEWORK_HEADER = YES;
				CLANG_WARN_RANGE_LOOP_ANALYSIS = YES;
				CLANG_WARN_STRICT_PROTOTYPES = YES;
				CLANG_WARN_SUSPICIOUS_MOVE = YES;
				CLANG_WARN_UNGUARDED_AVAILABILITY = YES_AGGRESSIVE;
				CLANG_WARN_UNREACHABLE_CODE = YES;
				CLANG_WARN__DUPLICATE_METHOD_MATCH = YES;
				COPY_PHASE_STRIP = NO;
				DEBUG_INFORMATION_FORMAT = "dwarf-with-dsym";
				ENABLE_NS_ASSERTIONS = NO;
				ENABLE_STRICT_OBJC_MSGSEND = YES;
				GCC_C_LANGUAGE_STANDARD = gnu11;
				GCC_NO_COMMON_BLOCKS = YES;
				GCC_WARN_64_TO_32_BIT_CONVERSION = YES;
				GCC_WARN_ABOUT_RETURN_TYPE = YES_ERROR;
				GCC_WARN_UNDECLARED_SELECTOR = YES;
				GCC_WARN_UNINITIALIZED_AUTOS = YES_AGGRESSIVE;
				GCC_WARN_UNUSED_FUNCTION = YES;
				GCC_WARN_UNUSED_VARIABLE = YES;
				IPHONEOS_DEPLOYMENT_TARGET = 16.2;
				MTL_ENABLE_DEBUG_INFO = NO;
				MTL_FAST_MATH = YES;
				SDKROOT = iphoneos;
				SWIFT_COMPILATION_MODE = wholemodule;
				SWIFT_OPTIMIZATION_LEVEL = "-O";
				VALIDATE_PRODUCT = YES;
			};
			name = Release;
		};
		3EC5E9B529A86FB2008A6095 /* Debug */ = {
			isa = XCBuildConfiguration;
			buildSettings = {
				ASSETCATALOG_COMPILER_APPICON_NAME = AppIcon;
				ASSETCATALOG_COMPILER_GLOBAL_ACCENT_COLOR_NAME = AccentColor;
				CODE_SIGN_STYLE = Automatic;
				CURRENT_PROJECT_VERSION = 1;
				DEVELOPMENT_ASSET_PATHS = "\"AnagramAppV4/Preview Content\"";
				DEVELOPMENT_TEAM = 6Y9DZ55BGB;
				ENABLE_PREVIEWS = YES;
				GENERATE_INFOPLIST_FILE = YES;
				INFOPLIST_KEY_UIApplicationSceneManifest_Generation = YES;
				INFOPLIST_KEY_UIApplicationSupportsIndirectInputEvents = YES;
				INFOPLIST_KEY_UILaunchScreen_Generation = YES;
				INFOPLIST_KEY_UISupportedInterfaceOrientations_iPad = "UIInterfaceOrientationPortrait UIInterfaceOrientationPortraitUpsideDown UIInterfaceOrientationLandscapeLeft UIInterfaceOrientationLandscapeRight";
				INFOPLIST_KEY_UISupportedInterfaceOrientations_iPhone = "UIInterfaceOrientationPortrait UIInterfaceOrientationLandscapeLeft UIInterfaceOrientationLandscapeRight";
				LD_RUNPATH_SEARCH_PATHS = (
					"$(inherited)",
					"@executable_path/Frameworks",
				);
				MARKETING_VERSION = 1.0;
				PRODUCT_BUNDLE_IDENTIFIER = com.fourthrootanalytics.AnagramAppV4;
				PRODUCT_NAME = "$(TARGET_NAME)";
				SWIFT_EMIT_LOC_STRINGS = YES;
				SWIFT_VERSION = 5.0;
				TARGETED_DEVICE_FAMILY = "1,2";
			};
			name = Debug;
		};
		3EC5E9B629A86FB2008A6095 /* Release */ = {
			isa = XCBuildConfiguration;
			buildSettings = {
				ASSETCATALOG_COMPILER_APPICON_NAME = AppIcon;
				ASSETCATALOG_COMPILER_GLOBAL_ACCENT_COLOR_NAME = AccentColor;
				CODE_SIGN_STYLE = Automatic;
				CURRENT_PROJECT_VERSION = 1;
				DEVELOPMENT_ASSET_PATHS = "\"AnagramAppV4/Preview Content\"";
				DEVELOPMENT_TEAM = 6Y9DZ55BGB;
				ENABLE_PREVIEWS = YES;
				GENERATE_INFOPLIST_FILE = YES;
				INFOPLIST_KEY_UIApplicationSceneManifest_Generation = YES;
				INFOPLIST_KEY_UIApplicationSupportsIndirectInputEvents = YES;
				INFOPLIST_KEY_UILaunchScreen_Generation = YES;
				INFOPLIST_KEY_UISupportedInterfaceOrientations_iPad = "UIInterfaceOrientationPortrait UIInterfaceOrientationPortraitUpsideDown UIInterfaceOrientationLandscapeLeft UIInterfaceOrientationLandscapeRight";
				INFOPLIST_KEY_UISupportedInterfaceOrientations_iPhone = "UIInterfaceOrientationPortrait UIInterfaceOrientationLandscapeLeft UIInterfaceOrientationLandscapeRight";
				LD_RUNPATH_SEARCH_PATHS = (
					"$(inherited)",
					"@executable_path/Frameworks",
				);
				MARKETING_VERSION = 1.0;
				PRODUCT_BUNDLE_IDENTIFIER = com.fourthrootanalytics.AnagramAppV4;
				PRODUCT_NAME = "$(TARGET_NAME)";
				SWIFT_EMIT_LOC_STRINGS = YES;
				SWIFT_VERSION = 5.0;
				TARGETED_DEVICE_FAMILY = "1,2";
			};
			name = Release;
		};
/* End XCBuildConfiguration section */

/* Begin XCConfigurationList section */
		3EC5E9A129A86FB1008A6095 /* Build configuration list for PBXProject "AnagramAppV4" */ = {
			isa = XCConfigurationList;
			buildConfigurations = (
				3EC5E9B229A86FB2008A6095 /* Debug */,
				3EC5E9B329A86FB2008A6095 /* Release */,
			);
			defaultConfigurationIsVisible = 0;
			defaultConfigurationName = Release;
		};
		3EC5E9B429A86FB2008A6095 /* Build configuration list for PBXNativeTarget "AnagramAppV4" */ = {
			isa = XCConfigurationList;
			buildConfigurations = (
				3EC5E9B529A86FB2008A6095 /* Debug */,
				3EC5E9B629A86FB2008A6095 /* Release */,
			);
			defaultConfigurationIsVisible = 0;
			defaultConfigurationName = Release;
		};
/* End XCConfigurationList section */
	};
	rootObject = 3EC5E99E29A86FB1008A6095 /* Project object */;
}
